# THIS IS AN AUTOGENERATED FILE. DO NOT EDIT THIS FILE DIRECTLY.
# yarn lockfile v1


"@node-redis/client@^1.0.0":
  version "1.0.0"
  resolved "https://registry.yarnpkg.com/@node-redis/client/-/client-1.0.0.tgz#25f6773c3a6997367772dc4d0eacd6e954063490"
  integrity sha512-DWDMeZELXG3rOGzCKfJEHCkCP6rgiA1H+oqj2N0NR4Q0fQUYMxTsyoqt80GpdYLilUW6zoCiQl9yL3vJhGhiCA==
  dependencies:
    cluster-key-slot "1.1.0"
    generic-pool "3.8.2"
    redis-parser "3.0.0"
    yallist "4.0.0"

"@node-redis/json@^1.0.0":
  version "1.0.0"
  resolved "https://registry.yarnpkg.com/@node-redis/json/-/json-1.0.0.tgz#11ba5882ac1f3226a8042f5de318c94bad520802"
  integrity sha512-6e4qjbHODfr/KFsHYvkbfNui/kedVz+cG7Hz8oNbZM3p68QLf3A8FjcPYzixBp/QbvPeOSLgj39DjVEqjKkqkw==

"@node-redis/search@^1.0.0":
  version "1.0.0"
  resolved "https://registry.yarnpkg.com/@node-redis/search/-/search-1.0.0.tgz#3926c5cb0276cfa2d0ed6a92fd654743ee4ef188"
  integrity sha512-f0Cw83X5+bpDIDTNSpd3YA+ckV3kwSv/NfcKhHRPGDQXFqyMLO0Q+2t8EMQncvsMRWduURsR4nqMYGzXae1ZCA==

cluster-key-slot@1.1.0:
  version "1.1.0"
  resolved "https://registry.yarnpkg.com/cluster-key-slot/-/cluster-key-slot-1.1.0.tgz#30474b2a981fb12172695833052bc0d01336d10d"
  integrity sha512-2Nii8p3RwAPiFwsnZvukotvow2rIHM+yQ6ZcBXGHdniadkYGZYiGmkHJIbZPIV9nfv7m/U1IPMVVcAhoWFeklw==

data-uri-to-buffer@^4.0.0:
  version "4.0.0"
  resolved "https://registry.yarnpkg.com/data-uri-to-buffer/-/data-uri-to-buffer-4.0.0.tgz#b5db46aea50f6176428ac05b73be39a57701a64b"
  integrity sha512-Vr3mLBA8qWmcuschSLAOogKgQ/Jwxulv3RNE4FXnYWRGujzrRWQI4m12fQqRkwX06C0KanhLr4hK+GydchZsaA==

fetch-blob@^3.1.2:
  version "3.1.3"
  resolved "https://registry.yarnpkg.com/fetch-blob/-/fetch-blob-3.1.3.tgz#a7dca4855e39d3e3c5a1da62d4ee335c37d26012"
  integrity sha512-ax1Y5I9w+9+JiM+wdHkhBoxew+zG4AJ2SvAD1v1szpddUIiPERVGBxrMcB2ZqW0Y3PP8bOWYv2zqQq1Jp2kqUQ==
  dependencies:
    web-streams-polyfill "^3.0.3"

formdata-polyfill@^4.0.10:
  version "4.0.10"
  resolved "https://registry.yarnpkg.com/formdata-polyfill/-/formdata-polyfill-4.0.10.tgz#24807c31c9d402e002ab3d8c720144ceb8848423"
  integrity sha512-buewHzMvYL29jdeQTVILecSaZKnt/RJWjoZCF5OW60Z67/GmSLBkOFM7qh1PI3zFNtJbaZL5eQu1vLfazOwj4g==
  dependencies:
    fetch-blob "^3.1.2"

generic-pool@3.8.2:
  version "3.8.2"
  resolved "https://registry.yarnpkg.com/generic-pool/-/generic-pool-3.8.2.tgz#aab4f280adb522fdfbdc5e5b64d718d3683f04e9"
  integrity sha512-nGToKy6p3PAbYQ7p1UlWl6vSPwfwU6TMSWK7TTu+WUY4ZjyZQGniGGt2oNVvyNSpyZYSB43zMXVLcBm08MTMkg==

node-fetch@^3.1.0:
  version "3.1.0"
  resolved "https://registry.yarnpkg.com/node-fetch/-/node-fetch-3.1.0.tgz#714f4922dc270239487654eaeeab86b8206cb52e"
  integrity sha512-QU0WbIfMUjd5+MUzQOYhenAazakV7Irh1SGkWCsRzBwvm4fAhzEUaHMJ6QLP7gWT6WO9/oH2zhKMMGMuIrDyKw==
  dependencies:
    data-uri-to-buffer "^4.0.0"
    fetch-blob "^3.1.2"
    formdata-polyfill "^4.0.10"

redis-errors@^1.0.0:
  version "1.2.0"
  resolved "https://registry.yarnpkg.com/redis-errors/-/redis-errors-1.2.0.tgz#eb62d2adb15e4eaf4610c04afe1529384250abad"
  integrity sha1-62LSrbFeTq9GEMBK/hUpOEJQq60=

redis-parser@3.0.0:
  version "3.0.0"
  resolved "https://registry.yarnpkg.com/redis-parser/-/redis-parser-3.0.0.tgz#b66d828cdcafe6b4b8a428a7def4c6bcac31c8b4"
  integrity sha1-tm2CjNyv5rS4pCin3vTGvKwxyLQ=
  dependencies:
    redis-errors "^1.0.0"

redis@^4.0.0:
  version "4.0.0"
  resolved "https://registry.yarnpkg.com/redis/-/redis-4.0.0.tgz#faefb8f156c231cacdd7b0ea854d91e92d3ea7d4"
  integrity sha512-LtV6+h0F/e3F4mtDKKGZIl/ekEjsiqX2E0hmtNqjGqXj3wYi/nAfeVNWKRa7wFuJ+nkqwXATFGvu6h2fLCgA1A==
  dependencies:
    "@node-redis/client" "^1.0.0"
    "@node-redis/json" "^1.0.0"
    "@node-redis/search" "^1.0.0"

web-streams-polyfill@^3.0.3:
  version "3.2.0"
  resolved "https://registry.yarnpkg.com/web-streams-polyfill/-/web-streams-polyfill-3.2.0.tgz#a6b74026b38e4885869fb5c589e90b95ccfc7965"
  integrity sha512-EqPmREeOzttaLRm5HS7io98goBgZ7IVz79aDvqjD0kYXLtFZTc0T/U6wHTPKyIjb+MdN7DFIIX6hgdBEpWmfPA==

yallist@4.0.0:
  version "4.0.0"
  resolved "https://registry.yarnpkg.com/yallist/-/yallist-4.0.0.tgz#9bb92790d9c0effec63be73519e11a35019a3a72"
  integrity sha512-3wdGidZyq5PB084XLES5TpOSRA3wjXAlIWMhum2kRcv/41Sn2emQ0dycQW4uZXLejwKvg6EsvbdlVL+FYEct7A==
